Microsoft Visual Studio Solution File, Format Version 11.00
# Visual Studio 2008

Project("{6473D2BA-7519-AC69-B67B-3B09F5AD6223}") = "Quantum-Proto", "Assembly-CSharp.csproj", "{3B93EBC2-83AE-CEF3-7F26-DBB48080E34F}"
EndProject
Global
	GlobalSection(SolutionConfigurationPlatforms) = preSolution
		Debug|Any CPU = Debug|Any CPU
		Release|Any CPU = Release|Any CPU
	EndGlobalSection
	GlobalSection(ProjectConfigurationPlatforms) = postSolution
		{3B93EBC2-83AE-CEF3-7F26-DBB48080E34F}.Debug|Any CPU.ActiveCfg = Debug|Any CPU
		{3B93EBC2-83AE-CEF3-7F26-DBB48080E34F}.Debug|Any CPU.Build.0 = Debug|Any CPU
		{3B93EBC2-83AE-CEF3-7F26-DBB48080E34F}.Release|Any CPU.ActiveCfg = Release|Any CPU
		{3B93EBC2-83AE-CEF3-7F26-DBB48080E34F}.Release|Any CPU.Build.0 = Release|Any CPU
	EndGlobalSection
	GlobalSection(SolutionProperties) = preSolution
		HideSolutionNode = FALSE
	EndGlobalSection
	GlobalSection(MonoDevelopProperties) = preSolution
		StartupItem = Assembly-CSharp.csproj
	EndGlobalSection
EndGlobal
